
Microsoft Visual Studio Solution File, Format Version 12.00
# Visual Studio Version 16
VisualStudioVersion = 16.0.29326.143
MinimumVisualStudioVersion = 10.0.40219.1
Project("{9A19103F-16F7-4668-BE54-9A1E7A4F7556}") = "API.Products", "API.Products\API.Products.csproj", "{9152717B-A340-4D98-B162-7640523E9C80}"
EndProject
Project("{9A19103F-16F7-4668-BE54-9A1E7A4F7556}") = "API.Customers", "API.Customers\API.Customers.csproj", "{A37113D2-6F99-47A6-91F1-D32CA3C6D75B}"
EndProject
Project("{9A19103F-16F7-4668-BE54-9A1E7A4F7556}") = "API.Orders", "API.Orders\API.Orders.csproj", "{00AA5F6E-73C1-4FC8-8CAE-04A47F1E086E}"
EndProject
Project("{9A19103F-16F7-4668-BE54-9A1E7A4F7556}") = "API.Search", "API.Search\API.Search.csproj", "{B2A4F62A-8819-45DE-B197-9BB33CB32871}"
EndProject
Project("{9A19103F-16F7-4668-BE54-9A1E7A4F7556}") = "API.Products.Tests", "API.Products.Tests\API.Products.Tests.csproj", "{F33968DD-0412-4FD5-B6C6-D0BB972CBC97}"
EndProject
Project("{E53339B2-1760-4266-BCC7-CA923CBCF16C}") = "docker-compose", "docker-compose.dcproj", "{D0BACC4D-6D63-48C6-8632-BDCD396B5D67}"
EndProject
Global
	GlobalSection(SolutionConfigurationPlatforms) = preSolution
		Debug|Any CPU = Debug|Any CPU
		Release|Any CPU = Release|Any CPU
	EndGlobalSection
	GlobalSection(ProjectConfigurationPlatforms) = postSolution
		{9152717B-A340-4D98-B162-7640523E9C80}.Debug|Any CPU.ActiveCfg = Debug|Any CPU
		{9152717B-A340-4D98-B162-7640523E9C80}.Debug|Any CPU.Build.0 = Debug|Any CPU
		{9152717B-A340-4D98-B162-7640523E9C80}.Release|Any CPU.ActiveCfg = Release|Any CPU
		{9152717B-A340-4D98-B162-7640523E9C80}.Release|Any CPU.Build.0 = Release|Any CPU
		{A37113D2-6F99-47A6-91F1-D32CA3C6D75B}.Debug|Any CPU.ActiveCfg = Debug|Any CPU
		{A37113D2-6F99-47A6-91F1-D32CA3C6D75B}.Debug|Any CPU.Build.0 = Debug|Any CPU
		{A37113D2-6F99-47A6-91F1-D32CA3C6D75B}.Release|Any CPU.ActiveCfg = Release|Any CPU
		{A37113D2-6F99-47A6-91F1-D32CA3C6D75B}.Release|Any CPU.Build.0 = Release|Any CPU
		{00AA5F6E-73C1-4FC8-8CAE-04A47F1E086E}.Debug|Any CPU.ActiveCfg = Debug|Any CPU
		{00AA5F6E-73C1-4FC8-8CAE-04A47F1E086E}.Debug|Any CPU.Build.0 = Debug|Any CPU
		{00AA5F6E-73C1-4FC8-8CAE-04A47F1E086E}.Release|Any CPU.ActiveCfg = Release|Any CPU
		{00AA5F6E-73C1-4FC8-8CAE-04A47F1E086E}.Release|Any CPU.Build.0 = Release|Any CPU
		{B2A4F62A-8819-45DE-B197-9BB33CB32871}.Debug|Any CPU.ActiveCfg = Debug|Any CPU
		{B2A4F62A-8819-45DE-B197-9BB33CB32871}.Debug|Any CPU.Build.0 = Debug|Any CPU
		{B2A4F62A-8819-45DE-B197-9BB33CB32871}.Release|Any CPU.ActiveCfg = Release|Any CPU
		{B2A4F62A-8819-45DE-B197-9BB33CB32871}.Release|Any CPU.Build.0 = Release|Any CPU
		{F33968DD-0412-4FD5-B6C6-D0BB972CBC97}.Debug|Any CPU.ActiveCfg = Debug|Any CPU
		{F33968DD-0412-4FD5-B6C6-D0BB972CBC97}.Debug|Any CPU.Build.0 = Debug|Any CPU
		{F33968DD-0412-4FD5-B6C6-D0BB972CBC97}.Release|Any CPU.ActiveCfg = Release|Any CPU
		{F33968DD-0412-4FD5-B6C6-D0BB972CBC97}.Release|Any CPU.Build.0 = Release|Any CPU
		{D0BACC4D-6D63-48C6-8632-BDCD396B5D67}.Debug|Any CPU.ActiveCfg = Debug|Any CPU
		{D0BACC4D-6D63-48C6-8632-BDCD396B5D67}.Debug|Any CPU.Build.0 = Debug|Any CPU
		{D0BACC4D-6D63-48C6-8632-BDCD396B5D67}.Release|Any CPU.ActiveCfg = Release|Any CPU
		{D0BACC4D-6D63-48C6-8632-BDCD396B5D67}.Release|Any CPU.Build.0 = Release|Any CPU
	EndGlobalSection
	GlobalSection(SolutionProperties) = preSolution
		HideSolutionNode = FALSE
	EndGlobalSection
	GlobalSection(ExtensibilityGlobals) = postSolution
		SolutionGuid = {BDA57959-9BFA-497B-A8AB-EBF755E622B0}
	EndGlobalSection
EndGlobal
